
Microsoft Visual Studio Solution File, Format Version 12.00
# Visual Studio Version 16
VisualStudioVersion = 16.0.32106.194
MinimumVisualStudioVersion = 10.0.40219.1
Project("{9A19103F-16F7-4668-BE54-9A1E7A4F7556}") = "UnluCo.Bank.WEBAPI", "UnluCo.Bank.WEBAPI\UnluCo.Bank.WEBAPI.csproj", "{C8252891-62B1-465D-9757-972C600C8C3A}"
EndProject
Project("{9A19103F-16F7-4668-BE54-9A1E7A4F7556}") = "UnluCo.Bank.DataLayer", "DataLayer\UnluCo.Bank.DataLayer.csproj", "{2B2C8059-B69A-474E-BE65-96568D0E693F}"
EndProject
Project("{9A19103F-16F7-4668-BE54-9A1E7A4F7556}") = "UnluCo.Bank.DataAccessLayer", "DataAccessLayer\UnluCo.Bank.DataAccessLayer.csproj", "{BDDC7B28-9EE0-4163-9954-5E14AC460721}"
EndProject
Project("{FAE04EC0-301F-11D3-BF4B-00C04F79EFBC}") = "UnluCo.Bank.BusinessLayer", "BusinessLayer\UnluCo.Bank.BusinessLayer.csproj", "{C94B1B63-F174-482C-A408-702EE6DF43F6}"
EndProject
Global
	GlobalSection(SolutionConfigurationPlatforms) = preSolution
		Debug|Any CPU = Debug|Any CPU
		Release|Any CPU = Release|Any CPU
	EndGlobalSection
	GlobalSection(ProjectConfigurationPlatforms) = postSolution
		{C8252891-62B1-465D-9757-972C600C8C3A}.Debug|Any CPU.ActiveCfg = Debug|Any CPU
		{C8252891-62B1-465D-9757-972C600C8C3A}.Debug|Any CPU.Build.0 = Debug|Any CPU
		{C8252891-62B1-465D-9757-972C600C8C3A}.Release|Any CPU.ActiveCfg = Release|Any CPU
		{C8252891-62B1-465D-9757-972C600C8C3A}.Release|Any CPU.Build.0 = Release|Any CPU
		{2B2C8059-B69A-474E-BE65-96568D0E693F}.Debug|Any CPU.ActiveCfg = Debug|Any CPU
		{2B2C8059-B69A-474E-BE65-96568D0E693F}.Debug|Any CPU.Build.0 = Debug|Any CPU
		{2B2C8059-B69A-474E-BE65-96568D0E693F}.Release|Any CPU.ActiveCfg = Release|Any CPU
		{2B2C8059-B69A-474E-BE65-96568D0E693F}.Release|Any CPU.Build.0 = Release|Any CPU
		{BDDC7B28-9EE0-4163-9954-5E14AC460721}.Debug|Any CPU.ActiveCfg = Debug|Any CPU
		{BDDC7B28-9EE0-4163-9954-5E14AC460721}.Debug|Any CPU.Build.0 = Debug|Any CPU
		{BDDC7B28-9EE0-4163-9954-5E14AC460721}.Release|Any CPU.ActiveCfg = Release|Any CPU
		{BDDC7B28-9EE0-4163-9954-5E14AC460721}.Release|Any CPU.Build.0 = Release|Any CPU
		{C94B1B63-F174-482C-A408-702EE6DF43F6}.Debug|Any CPU.ActiveCfg = Debug|Any CPU
		{C94B1B63-F174-482C-A408-702EE6DF43F6}.Debug|Any CPU.Build.0 = Debug|Any CPU
		{C94B1B63-F174-482C-A408-702EE6DF43F6}.Release|Any CPU.ActiveCfg = Release|Any CPU
		{C94B1B63-F174-482C-A408-702EE6DF43F6}.Release|Any CPU.Build.0 = Release|Any CPU
	EndGlobalSection
	GlobalSection(SolutionProperties) = preSolution
		HideSolutionNode = FALSE
	EndGlobalSection
	GlobalSection(ExtensibilityGlobals) = postSolution
		SolutionGuid = {2CD764DF-EBC5-415D-9CE0-92802827496A}
	EndGlobalSection
EndGlobal
